// !$*UTF8*$!
{
	archiveVersion = 1;
	classes = {
	};
	objectVersion = 56;
	objects = {

/* Begin PBXBuildFile section */
		3B8E23B12C22FB01009C3F70 /* SakeLogApp.swift in Sources */ = {isa = PBXBuildFile; fileRef = 3B8E23B02C22FB01009C3F70 /* SakeLogApp.swift */; };
		3B8E23B32C22FB01009C3F70 /* ContentView.swift in Sources */ = {isa = PBXBuildFile; fileRef = 3B8E23B22C22FB01009C3F70 /* ContentView.swift */; };
		3B8E23B52C22FB02009C3F70 /* Assets.xcassets in Resources */ = {isa = PBXBuildFile; fileRef = 3B8E23B42C22FB02009C3F70 /* Assets.xcassets */; };
		3B8E23B82C22FB02009C3F70 /* Preview Assets.xcassets in Resources */ = {isa = PBXBuildFile; fileRef = 3B8E23B72C22FB02009C3F70 /* Preview Assets.xcassets */; };
		3B8E23C22C22FB02009C3F70 /* SakeLogTests.swift in Sources */ = {isa = PBXBuildFile; fileRef = 3B8E23C12C22FB02009C3F70 /* SakeLogTests.swift */; };
		3B8E23CC2C22FB02009C3F70 /* SakeLogUITests.swift in Sources */ = {isa = PBXBuildFile; fileRef = 3B8E23CB2C22FB02009C3F70 /* SakeLogUITests.swift */; };
		3B8E23CE2C22FB02009C3F70 /* SakeLogUITestsLaunchTests.swift in Sources */ = {isa = PBXBuildFile; fileRef = 3B8E23CD2C22FB02009C3F70 /* SakeLogUITestsLaunchTests.swift */; };
/* End PBXBuildFile section */

/* Begin PBXContainerItemProxy section */
		3B8E23BE2C22FB02009C3F70 /* PBXContainerItemProxy */ = {
			isa = PBXContainerItemProxy;
			containerPortal = 3B8E23A52C22FB01009C3F70 /* Project object */;
			proxyType = 1;
			remoteGlobalIDString = 3B8E23AC2C22FB01009C3F70;
			remoteInfo = SakeLog;
		};
		3B8E23C82C22FB02009C3F70 /* PBXContainerItemProxy */ = {
			isa = PBXContainerItemProxy;
			containerPortal = 3B8E23A52C22FB01009C3F70 /* Project object */;
			proxyType = 1;
			remoteGlobalIDString = 3B8E23AC2C22FB01009C3F70;
			remoteInfo = SakeLog;
		};
/* End PBXContainerItemProxy section */

/* Begin PBXFileReference section */
		3B8E23AD2C22FB01009C3F70 /* SakeLog.app */ = {isa = PBXFileReference; explicitFileType = wrapper.application; includeInIndex = 0; path = SakeLog.app; sourceTree = BUILT_PRODUCTS_DIR; };
		3B8E23B02C22FB01009C3F70 /* SakeLogApp.swift */ = {isa = PBXFileReference; lastKnownFileType = sourcecode.swift; path = SakeLogApp.swift; sourceTree = "<group>"; };
		3B8E23B22C22FB01009C3F70 /* ContentView.swift */ = {isa = PBXFileReference; lastKnownFileType = sourcecode.swift; path = ContentView.swift; sourceTree = "<group>"; };
		3B8E23B42C22FB02009C3F70 /* Assets.xcassets */ = {isa = PBXFileReference; lastKnownFileType = folder.assetcatalog; path = Assets.xcassets; sourceTree = "<group>"; };
		3B8E23B72C22FB02009C3F70 /* Preview Assets.xcassets */ = {isa = PBXFileReference; lastKnownFileType = folder.assetcatalog; path = "Preview Assets.xcassets"; sourceTree = "<group>"; };
		3B8E23BD2C22FB02009C3F70 /* SakeLogTests.xctest */ = {isa = PBXFileReference; explicitFileType = wrapper.cfbundle; includeInIndex = 0; path = SakeLogTests.xctest; sourceTree = BUILT_PRODUCTS_DIR; };
		3B8E23C12C22FB02009C3F70 /* SakeLogTests.swift */ = {isa = PBXFileReference; lastKnownFileType = sourcecode.swift; path = SakeLogTests.swift; sourceTree = "<group>"; };
		3B8E23C72C22FB02009C3F70 /* SakeLogUITests.xctest */ = {isa = PBXFileReference; explicitFileType = wrapper.cfbundle; includeInIndex = 0; path = SakeLogUITests.xctest; sourceTree = BUILT_PRODUCTS_DIR; };
		3B8E23CB2C22FB02009C3F70 /* SakeLogUITests.swift */ = {isa = PBXFileReference; lastKnownFileType = sourcecode.swift; path = SakeLogUITests.swift; sourceTree = "<group>"; };
		3B8E23CD2C22FB02009C3F70 /* SakeLogUITestsLaunchTests.swift */ = {isa = PBXFileReference; lastKnownFileType = sourcecode.swift; path = SakeLogUITestsLaunchTests.swift; sourceTree = "<group>"; };
/* End PBXFileReference section */

/* Begin PBXFrameworksBuildPhase section */
		3B8E23AA2C22FB01009C3F70 /* Frameworks */ = {
			isa = PBXFrameworksBuildPhase;
			buildActionMask = 2147483647;
			files = (
			);
			runOnlyForDeploymentPostprocessing = 0;
		};
		3B8E23BA2C22FB02009C3F70 /* Frameworks */ = {
			isa = PBXFrameworksBuildPhase;
			buildActionMask = 2147483647;
			files = (
			);
			runOnlyForDeploymentPostprocessing = 0;
		};
		3B8E23C42C22FB02009C3F70 /* Frameworks */ = {
			isa = PBXFrameworksBuildPhase;
			buildActionMask = 2147483647;
			files = (
			);
			runOnlyForDeploymentPostprocessing = 0;
		};
/* End PBXFrameworksBuildPhase section */

/* Begin PBXGroup section */
		3B8E23A42C22FB01009C3F70 = {
			isa = PBXGroup;
			children = (
				3B8E23AF2C22FB01009C3F70 /* SakeLog */,
				3B8E23C02C22FB02009C3F70 /* SakeLogTests */,
				3B8E23CA2C22FB02009C3F70 /* SakeLogUITests */,
				3B8E23AE2C22FB01009C3F70 /* Products */,
			);
			sourceTree = "<group>";
		};
		3B8E23AE2C22FB01009C3F70 /* Products */ = {
			isa = PBXGroup;
			children = (
				3B8E23AD2C22FB01009C3F70 /* SakeLog.app */,
				3B8E23BD2C22FB02009C3F70 /* SakeLogTests.xctest */,
				3B8E23C72C22FB02009C3F70 /* SakeLogUITests.xctest */,
			);
			name = Products;
			sourceTree = "<group>";
		};
		3B8E23AF2C22FB01009C3F70 /* SakeLog */ = {
			isa = PBXGroup;
			children = (
				3B8E23B02C22FB01009C3F70 /* SakeLogApp.swift */,
				3B8E23B22C22FB01009C3F70 /* ContentView.swift */,
				3B8E23B42C22FB02009C3F70 /* Assets.xcassets */,
				3B8E23B62C22FB02009C3F70 /* Preview Content */,
			);
			path = SakeLog;
			sourceTree = "<group>";
		};
		3B8E23B62C22FB02009C3F70 /* Preview Content */ = {
			isa = PBXGroup;
			children = (
				3B8E23B72C22FB02009C3F70 /* Preview Assets.xcassets */,
			);
			path = "Preview Content";
			sourceTree = "<group>";
		};
		3B8E23C02C22FB02009C3F70 /* SakeLogTests */ = {
			isa = PBXGroup;
			children = (
				3B8E23C12C22FB02009C3F70 /* SakeLogTests.swift */,
			);
			path = SakeLogTests;
			sourceTree = "<group>";
		};
		3B8E23CA2C22FB02009C3F70 /* SakeLogUITests */ = {
			isa = PBXGroup;
			children = (
				3B8E23CB2C22FB02009C3F70 /* SakeLogUITests.swift */,
				3B8E23CD2C22FB02009C3F70 /* SakeLogUITestsLaunchTests.swift */,
			);
			path = SakeLogUITests;
			sourceTree = "<group>";
		};
/* End PBXGroup section */

/* Begin PBXNativeTarget section */
		3B8E23AC2C22FB01009C3F70 /* SakeLog */ = {
			isa = PBXNativeTarget;
			buildConfigurationList = 3B8E23D12C22FB02009C3F70 /* Build configuration list for PBXNativeTarget "SakeLog" */;
			buildPhases = (
				3B8E23A92C22FB01009C3F70 /* Sources */,
				3B8E23AA2C22FB01009C3F70 /* Frameworks */,
				3B8E23AB2C22FB01009C3F70 /* Resources */,
			);
			buildRules = (
			);
			dependencies = (
			);
			name = SakeLog;
			productName = SakeLog;
			productReference = 3B8E23AD2C22FB01009C3F70 /* SakeLog.app */;
			productType = "com.apple.product-type.application";
		};
		3B8E23BC2C22FB02009C3F70 /* SakeLogTests */ = {
			isa = PBXNativeTarget;
			buildConfigurationList = 3B8E23D42C22FB02009C3F70 /* Build configuration list for PBXNativeTarget "SakeLogTests" */;
			buildPhases = (
				3B8E23B92C22FB02009C3F70 /* Sources */,
				3B8E23BA2C22FB02009C3F70 /* Frameworks */,
				3B8E23BB2C22FB02009C3F70 /* Resources */,
			);
			buildRules = (
			);
			dependencies = (
				3B8E23BF2C22FB02009C3F70 /* PBXTargetDependency */,
			);
			name = SakeLogTests;
			productName = SakeLogTests;
			productReference = 3B8E23BD2C22FB02009C3F70 /* SakeLogTests.xctest */;
			productType = "com.apple.product-type.bundle.unit-test";
		};
		3B8E23C62C22FB02009C3F70 /* SakeLogUITests */ = {
			isa = PBXNativeTarget;
			buildConfigurationList = 3B8E23D72C22FB02009C3F70 /* Build configuration list for PBXNativeTarget "SakeLogUITests" */;
			buildPhases = (
				3B8E23C32C22FB02009C3F70 /* Sources */,
				3B8E23C42C22FB02009C3F70 /* Frameworks */,
				3B8E23C52C22FB02009C3F70 /* Resources */,
			);
			buildRules = (
			);
			dependencies = (
				3B8E23C92C22FB02009C3F70 /* PBXTargetDependency */,
			);
			name = SakeLogUITests;
			productName = SakeLogUITests;
			productReference = 3B8E23C72C22FB02009C3F70 /* SakeLogUITests.xctest */;
			productType = "com.apple.product-type.bundle.ui-testing";
		};
/* End PBXNativeTarget section */

/* Begin PBXProject section */
		3B8E23A52C22FB01009C3F70 /* Project object */ = {
			isa = PBXProject;
			attributes = {
				BuildIndependentTargetsInParallel = 1;
				LastSwiftUpdateCheck = 1540;
				LastUpgradeCheck = 1540;
				TargetAttributes = {
					3B8E23AC2C22FB01009C3F70 = {
						CreatedOnToolsVersion = 15.4;
					};
					3B8E23BC2C22FB02009C3F70 = {
						CreatedOnToolsVersion = 15.4;
						TestTargetID = 3B8E23AC2C22FB01009C3F70;
					};
					3B8E23C62C22FB02009C3F70 = {
						CreatedOnToolsVersion = 15.4;
						TestTargetID = 3B8E23AC2C22FB01009C3F70;
					};
				};
			};
			buildConfigurationList = 3B8E23A82C22FB01009C3F70 /* Build configuration list for PBXProject "SakeLog" */;
			compatibilityVersion = "Xcode 14.0";
			developmentRegion = en;
			hasScannedForEncodings = 0;
			knownRegions = (
				en,
				Base,
			);
			mainGroup = 3B8E23A42C22FB01009C3F70;
			productRefGroup = 3B8E23AE2C22FB01009C3F70 /* Products */;
			projectDirPath = "";
			projectRoot = "";
			targets = (
				3B8E23AC2C22FB01009C3F70 /* SakeLog */,
				3B8E23BC2C22FB02009C3F70 /* SakeLogTests */,
				3B8E23C62C22FB02009C3F70 /* SakeLogUITests */,
			);
		};
/* End PBXProject section */

/* Begin PBXResourcesBuildPhase section */
		3B8E23AB2C22FB01009C3F70 /* Resources */ = {
			isa = PBXResourcesBuildPhase;
			buildActionMask = 2147483647;
			files = (
				3B8E23B82C22FB02009C3F70 /* Preview Assets.xcassets in Resources */,
				3B8E23B52C22FB02009C3F70 /* Assets.xcassets in Resources */,
			);
			runOnlyForDeploymentPostprocessing = 0;
		};
		3B8E23BB2C22FB02009C3F70 /* Resources */ = {
			isa = PBXResourcesBuildPhase;
			buildActionMask = 2147483647;
			files = (
			);
			runOnlyForDeploymentPostprocessing = 0;
		};
		3B8E23C52C22FB02009C3F70 /* Resources */ = {
			isa = PBXResourcesBuildPhase;
			buildActionMask = 2147483647;
			files = (
			);
			runOnlyForDeploymentPostprocessing = 0;
		};
/* End PBXResourcesBuildPhase section */

/* Begin PBXSourcesBuildPhase section */
		3B8E23A92C22FB01009C3F70 /* Sources */ = {
			isa = PBXSourcesBuildPhase;
			buildActionMask = 2147483647;
			files = (
				3B8E23B32C22FB01009C3F70 /* ContentView.swift in Sources */,
				3B8E23B12C22FB01009C3F70 /* SakeLogApp.swift in Sources */,
			);
			runOnlyForDeploymentPostprocessing = 0;
		};
		3B8E23B92C22FB02009C3F70 /* Sources */ = {
			isa = PBXSourcesBuildPhase;
			buildActionMask = 2147483647;
			files = (
				3B8E23C22C22FB02009C3F70 /* SakeLogTests.swift in Sources */,
			);
			runOnlyForDeploymentPostprocessing = 0;
		};
		3B8E23C32C22FB02009C3F70 /* Sources */ = {
			isa = PBXSourcesBuildPhase;
			buildActionMask = 2147483647;
			files = (
				3B8E23CC2C22FB02009C3F70 /* SakeLogUITests.swift in Sources */,
				3B8E23CE2C22FB02009C3F70 /* SakeLogUITestsLaunchTests.swift in Sources */,
			);
			runOnlyForDeploymentPostprocessing = 0;
		};
/* End PBXSourcesBuildPhase section */

/* Begin PBXTargetDependency section */
		3B8E23BF2C22FB02009C3F70 /* PBXTargetDependency */ = {
			isa = PBXTargetDependency;
			target = 3B8E23AC2C22FB01009C3F70 /* SakeLog */;
			targetProxy = 3B8E23BE2C22FB02009C3F70 /* PBXContainerItemProxy */;
		};
		3B8E23C92C22FB02009C3F70 /* PBXTargetDependency */ = {
			isa = PBXTargetDependency;
			target = 3B8E23AC2C22FB01009C3F70 /* SakeLog */;
			targetProxy = 3B8E23C82C22FB02009C3F70 /* PBXContainerItemProxy */;
		};
/* End PBXTargetDependency section */

/* Begin XCBuildConfiguration section */
		3B8E23CF2C22FB02009C3F70 /* Debug */ = {
			isa = XCBuildConfiguration;
			buildSettings = {
				ALWAYS_SEARCH_USER_PATHS = NO;
				ASSETCATALOG_COMPILER_GENERATE_SWIFT_ASSET_SYMBOL_EXTENSIONS = YES;
				CLANG_ANALYZER_NONNULL = YES;
				CLANG_ANALYZER_NUMBER_OBJECT_CONVERSION = YES_AGGRESSIVE;
				CLANG_CXX_LANGUAGE_STANDARD = "gnu++20";
				CLANG_ENABLE_MODULES = YES;
				CLANG_ENABLE_OBJC_ARC = YES;
				CLANG_ENABLE_OBJC_WEAK = YES;
				CLANG_WARN_BLOCK_CAPTURE_AUTORELEASING = YES;
				CLANG_WARN_BOOL_CONVERSION = YES;
				CLANG_WARN_COMMA = YES;
				CLANG_WARN_CONSTANT_CONVERSION = YES;
				CLANG_WARN_DEPRECATED_OBJC_IMPLEMENTATIONS = YES;
				CLANG_WARN_DIRECT_OBJC_ISA_USAGE = YES_ERROR;
				CLANG_WARN_DOCUMENTATION_COMMENTS = YES;
				CLANG_WARN_EMPTY_BODY = YES;
				CLANG_WARN_ENUM_CONVERSION = YES;
				CLANG_WARN_INFINITE_RECURSION = YES;
				CLANG_WARN_INT_CONVERSION = YES;
				CLANG_WARN_NON_LITERAL_NULL_CONVERSION = YES;
				CLANG_WARN_OBJC_IMPLICIT_RETAIN_SELF = YES;
				CLANG_WARN_OBJC_LITERAL_CONVERSION = YES;
				CLANG_WARN_OBJC_ROOT_CLASS = YES_ERROR;
				CLANG_WARN_QUOTED_INCLUDE_IN_FRAMEWORK_HEADER = YES;
				CLANG_WARN_RANGE_LOOP_ANALYSIS = YES;
				CLANG_WARN_STRICT_PROTOTYPES = YES;
				CLANG_WARN_SUSPICIOUS_MOVE = YES;
				CLANG_WARN_UNGUARDED_AVAILABILITY = YES_AGGRESSIVE;
				CLANG_WARN_UNREACHABLE_CODE = YES;
				CLANG_WARN__DUPLICATE_METHOD_MATCH = YES;
				COPY_PHASE_STRIP = NO;
				DEBUG_INFORMATION_FORMAT = dwarf;
				ENABLE_STRICT_OBJC_MSGSEND = YES;
				ENABLE_TESTABILITY = YES;
				ENABLE_USER_SCRIPT_SANDBOXING = YES;
				GCC_C_LANGUAGE_STANDARD = gnu17;
				GCC_DYNAMIC_NO_PIC = NO;
				GCC_NO_COMMON_BLOCKS = YES;
				GCC_OPTIMIZATION_LEVEL = 0;
				GCC_PREPROCESSOR_DEFINITIONS = (
					"DEBUG=1",
					"$(inherited)",
				);
				GCC_WARN_64_TO_32_BIT_CONVERSION = YES;
				GCC_WARN_ABOUT_RETURN_TYPE = YES_ERROR;
				GCC_WARN_UNDECLARED_SELECTOR = YES;
				GCC_WARN_UNINITIALIZED_AUTOS = YES_AGGRESSIVE;
				GCC_WARN_UNUSED_FUNCTION = YES;
				GCC_WARN_UNUSED_VARIABLE = YES;
				IPHONEOS_DEPLOYMENT_TARGET = 17.5;
				LOCALIZATION_PREFERS_STRING_CATALOGS = YES;
				MTL_ENABLE_DEBUG_INFO = INCLUDE_SOURCE;
				MTL_FAST_MATH = YES;
				ONLY_ACTIVE_ARCH = YES;
				SDKROOT = iphoneos;
				SWIFT_ACTIVE_COMPILATION_CONDITIONS = "DEBUG $(inherited)";
				SWIFT_OPTIMIZATION_LEVEL = "-Onone";
			};
			name = Debug;
		};
		3B8E23D02C22FB02009C3F70 /* Release */ = {
			isa = XCBuildConfiguration;
			buildSettings = {
				ALWAYS_SEARCH_USER_PATHS = NO;
				ASSETCATALOG_COMPILER_GENERATE_SWIFT_ASSET_SYMBOL_EXTENSIONS = YES;
				CLANG_ANALYZER_NONNULL = YES;
				CLANG_ANALYZER_NUMBER_OBJECT_CONVERSION = YES_AGGRESSIVE;
				CLANG_CXX_LANGUAGE_STANDARD = "gnu++20";
				CLANG_ENABLE_MODULES = YES;
				CLANG_ENABLE_OBJC_ARC = YES;
				CLANG_ENABLE_OBJC_WEAK = YES;
				CLANG_WARN_BLOCK_CAPTURE_AUTORELEASING = YES;
				CLANG_WARN_BOOL_CONVERSION = YES;
				CLANG_WARN_COMMA = YES;
				CLANG_WARN_CONSTANT_CONVERSION = YES;
				CLANG_WARN_DEPRECATED_OBJC_IMPLEMENTATIONS = YES;
				CLANG_WARN_DIRECT_OBJC_ISA_USAGE = YES_ERROR;
				CLANG_WARN_DOCUMENTATION_COMMENTS = YES;
				CLANG_WARN_EMPTY_BODY = YES;
				CLANG_WARN_ENUM_CONVERSION = YES;
				CLANG_WARN_INFINITE_RECURSION = YES;
				CLANG_WARN_INT_CONVERSION = YES;
				CLANG_WARN_NON_LITERAL_NULL_CONVERSION = YES;
				CLANG_WARN_OBJC_IMPLICIT_RETAIN_SELF = YES;
				CLANG_WARN_OBJC_LITERAL_CONVERSION = YES;
				CLANG_WARN_OBJC_ROOT_CLASS = YES_ERROR;
				CLANG_WARN_QUOTED_INCLUDE_IN_FRAMEWORK_HEADER = YES;
				CLANG_WARN_RANGE_LOOP_ANALYSIS = YES;
				CLANG_WARN_STRICT_PROTOTYPES = YES;
				CLANG_WARN_SUSPICIOUS_MOVE = YES;
				CLANG_WARN_UNGUARDED_AVAILABILITY = YES_AGGRESSIVE;
				CLANG_WARN_UNREACHABLE_CODE = YES;
				CLANG_WARN__DUPLICATE_METHOD_MATCH = YES;
				COPY_PHASE_STRIP = NO;
				DEBUG_INFORMATION_FORMAT = "dwarf-with-dsym";
				ENABLE_NS_ASSERTIONS = NO;
				ENABLE_STRICT_OBJC_MSGSEND = YES;
				ENABLE_USER_SCRIPT_SANDBOXING = YES;
				GCC_C_LANGUAGE_STANDARD = gnu17;
				GCC_NO_COMMON_BLOCKS = YES;
				GCC_WARN_64_TO_32_BIT_CONVERSION = YES;
				GCC_WARN_ABOUT_RETURN_TYPE = YES_ERROR;
				GCC_WARN_UNDECLARED_SELECTOR = YES;
				GCC_WARN_UNINITIALIZED_AUTOS = YES_AGGRESSIVE;
				GCC_WARN_UNUSED_FUNCTION = YES;
				GCC_WARN_UNUSED_VARIABLE = YES;
				IPHONEOS_DEPLOYMENT_TARGET = 17.5;
				LOCALIZATION_PREFERS_STRING_CATALOGS = YES;
				MTL_ENABLE_DEBUG_INFO = NO;
				MTL_FAST_MATH = YES;
				SDKROOT = iphoneos;
				SWIFT_COMPILATION_MODE = wholemodule;
				VALIDATE_PRODUCT = YES;
			};
			name = Release;
		};
		3B8E23D22C22FB02009C3F70 /* Debug */ = {
			isa = XCBuildConfiguration;
			buildSettings = {
				ASSETCATALOG_COMPILER_APPICON_NAME = AppIcon;
				ASSETCATALOG_COMPILER_GLOBAL_ACCENT_COLOR_NAME = AccentColor;
				CODE_SIGN_STYLE = Automatic;
				CURRENT_PROJECT_VERSION = 1;
				DEVELOPMENT_ASSET_PATHS = "\"SakeLog/Preview Content\"";
				DEVELOPMENT_TEAM = KAA5N92PL6;
				ENABLE_PREVIEWS = YES;
				GENERATE_INFOPLIST_FILE = YES;
				INFOPLIST_KEY_UIApplicationSceneManifest_Generation = YES;
				INFOPLIST_KEY_UIApplicationSupportsIndirectInputEvents = YES;
				INFOPLIST_KEY_UILaunchScreen_Generation = YES;
				INFOPLIST_KEY_UISupportedInterfaceOrientations_iPad = "UIInterfaceOrientationPortrait UIInterfaceOrientationPortraitUpsideDown UIInterfaceOrientationLandscapeLeft UIInterfaceOrientationLandscapeRight";
				INFOPLIST_KEY_UISupportedInterfaceOrientations_iPhone = "UIInterfaceOrientationPortrait UIInterfaceOrientationLandscapeLeft UIInterfaceOrientationLandscapeRight";
				LD_RUNPATH_SEARCH_PATHS = (
					"$(inherited)",
					"@executable_path/Frameworks",
				);
				MARKETING_VERSION = 1.0;
				PRODUCT_BUNDLE_IDENTIFIER = gakux.SakeLog;
				PRODUCT_NAME = "$(TARGET_NAME)";
				SWIFT_EMIT_LOC_STRINGS = YES;
				SWIFT_VERSION = 5.0;
				TARGETED_DEVICE_FAMILY = "1,2";
			};
			name = Debug;
		};
		3B8E23D32C22FB02009C3F70 /* Release */ = {
			isa = XCBuildConfiguration;
			buildSettings = {
				ASSETCATALOG_COMPILER_APPICON_NAME = AppIcon;
				ASSETCATALOG_COMPILER_GLOBAL_ACCENT_COLOR_NAME = AccentColor;
				CODE_SIGN_STYLE = Automatic;
				CURRENT_PROJECT_VERSION = 1;
				DEVELOPMENT_ASSET_PATHS = "\"SakeLog/Preview Content\"";
				DEVELOPMENT_TEAM = KAA5N92PL6;
				ENABLE_PREVIEWS = YES;
				GENERATE_INFOPLIST_FILE = YES;
				INFOPLIST_KEY_UIApplicationSceneManifest_Generation = YES;
				INFOPLIST_KEY_UIApplicationSupportsIndirectInputEvents = YES;
				INFOPLIST_KEY_UILaunchScreen_Generation = YES;
				INFOPLIST_KEY_UISupportedInterfaceOrientations_iPad = "UIInterfaceOrientationPortrait UIInterfaceOrientationPortraitUpsideDown UIInterfaceOrientationLandscapeLeft UIInterfaceOrientationLandscapeRight";
				INFOPLIST_KEY_UISupportedInterfaceOrientations_iPhone = "UIInterfaceOrientationPortrait UIInterfaceOrientationLandscapeLeft UIInterfaceOrientationLandscapeRight";
				LD_RUNPATH_SEARCH_PATHS = (
					"$(inherited)",
					"@executable_path/Frameworks",
				);
				MARKETING_VERSION = 1.0;
				PRODUCT_BUNDLE_IDENTIFIER = gakux.SakeLog;
				PRODUCT_NAME = "$(TARGET_NAME)";
				SWIFT_EMIT_LOC_STRINGS = YES;
				SWIFT_VERSION = 5.0;
				TARGETED_DEVICE_FAMILY = "1,2";
			};
			name = Release;
		};
		3B8E23D52C22FB02009C3F70 /* Debug */ = {
			isa = XCBuildConfiguration;
			buildSettings = {
				ALWAYS_EMBED_SWIFT_STANDARD_LIBRARIES = YES;
				BUNDLE_LOADER = "$(TEST_HOST)";
				CODE_SIGN_STYLE = Automatic;
				CURRENT_PROJECT_VERSION = 1;
				DEVELOPMENT_TEAM = KAA5N92PL6;
				GENERATE_INFOPLIST_FILE = YES;
				IPHONEOS_DEPLOYMENT_TARGET = 17.5;
				MARKETING_VERSION = 1.0;
				PRODUCT_BUNDLE_IDENTIFIER = gakux.SakeLogTests;
				PRODUCT_NAME = "$(TARGET_NAME)";
				SWIFT_EMIT_LOC_STRINGS = NO;
				SWIFT_VERSION = 5.0;
				TARGETED_DEVICE_FAMILY = "1,2";
				TEST_HOST = "$(BUILT_PRODUCTS_DIR)/SakeLog.app/$(BUNDLE_EXECUTABLE_FOLDER_PATH)/SakeLog";
			};
			name = Debug;
		};
		3B8E23D62C22FB02009C3F70 /* Release */ = {
			isa = XCBuildConfiguration;
			buildSettings = {
				ALWAYS_EMBED_SWIFT_STANDARD_LIBRARIES = YES;
				BUNDLE_LOADER = "$(TEST_HOST)";
				CODE_SIGN_STYLE = Automatic;
				CURRENT_PROJECT_VERSION = 1;
				DEVELOPMENT_TEAM = KAA5N92PL6;
				GENERATE_INFOPLIST_FILE = YES;
				IPHONEOS_DEPLOYMENT_TARGET = 17.5;
				MARKETING_VERSION = 1.0;
				PRODUCT_BUNDLE_IDENTIFIER = gakux.SakeLogTests;
				PRODUCT_NAME = "$(TARGET_NAME)";
				SWIFT_EMIT_LOC_STRINGS = NO;
				SWIFT_VERSION = 5.0;
				TARGETED_DEVICE_FAMILY = "1,2";
				TEST_HOST = "$(BUILT_PRODUCTS_DIR)/SakeLog.app/$(BUNDLE_EXECUTABLE_FOLDER_PATH)/SakeLog";
			};
			name = Release;
		};
		3B8E23D82C22FB02009C3F70 /* Debug */ = {
			isa = XCBuildConfiguration;
			buildSettings = {
				ALWAYS_EMBED_SWIFT_STANDARD_LIBRARIES = YES;
				CODE_SIGN_STYLE = Automatic;
				CURRENT_PROJECT_VERSION = 1;
				DEVELOPMENT_TEAM = KAA5N92PL6;
				GENERATE_INFOPLIST_FILE = YES;
				MARKETING_VERSION = 1.0;
				PRODUCT_BUNDLE_IDENTIFIER = gakux.SakeLogUITests;
				PRODUCT_NAME = "$(TARGET_NAME)";
				SWIFT_EMIT_LOC_STRINGS = NO;
				SWIFT_VERSION = 5.0;
				TARGETED_DEVICE_FAMILY = "1,2";
				TEST_TARGET_NAME = SakeLog;
			};
			name = Debug;
		};
		3B8E23D92C22FB02009C3F70 /* Release */ = {
			isa = XCBuildConfiguration;
			buildSettings = {
				ALWAYS_EMBED_SWIFT_STANDARD_LIBRARIES = YES;
				CODE_SIGN_STYLE = Automatic;
				CURRENT_PROJECT_VERSION = 1;
				DEVELOPMENT_TEAM = KAA5N92PL6;
				GENERATE_INFOPLIST_FILE = YES;
				MARKETING_VERSION = 1.0;
				PRODUCT_BUNDLE_IDENTIFIER = gakux.SakeLogUITests;
				PRODUCT_NAME = "$(TARGET_NAME)";
				SWIFT_EMIT_LOC_STRINGS = NO;
				SWIFT_VERSION = 5.0;
				TARGETED_DEVICE_FAMILY = "1,2";
				TEST_TARGET_NAME = SakeLog;
			};
			name = Release;
		};
/* End XCBuildConfiguration section */

/* Begin XCConfigurationList section */
		3B8E23A82C22FB01009C3F70 /* Build configuration list for PBXProject "SakeLog" */ = {
			isa = XCConfigurationList;
			buildConfigurations = (
				3B8E23CF2C22FB02009C3F70 /* Debug */,
				3B8E23D02C22FB02009C3F70 /* Release */,
			);
			defaultConfigurationIsVisible = 0;
			defaultConfigurationName = Release;
		};
		3B8E23D12C22FB02009C3F70 /* Build configuration list for PBXNativeTarget "SakeLog" */ = {
			isa = XCConfigurationList;
			buildConfigurations = (
				3B8E23D22C22FB02009C3F70 /* Debug */,
				3B8E23D32C22FB02009C3F70 /* Release */,
			);
			defaultConfigurationIsVisible = 0;
			defaultConfigurationName = Release;
		};
		3B8E23D42C22FB02009C3F70 /* Build configuration list for PBXNativeTarget "SakeLogTests" */ = {
			isa = XCConfigurationList;
			buildConfigurations = (
				3B8E23D52C22FB02009C3F70 /* Debug */,
				3B8E23D62C22FB02009C3F70 /* Release */,
			);
			defaultConfigurationIsVisible = 0;
			defaultConfigurationName = Release;
		};
		3B8E23D72C22FB02009C3F70 /* Build configuration list for PBXNativeTarget "SakeLogUITests" */ = {
			isa = XCConfigurationList;
			buildConfigurations = (
				3B8E23D82C22FB02009C3F70 /* Debug */,
				3B8E23D92C22FB02009C3F70 /* Release */,
			);
			defaultConfigurationIsVisible = 0;
			defaultConfigurationName = Release;
		};
/* End XCConfigurationList section */
	};
	rootObject = 3B8E23A52C22FB01009C3F70 /* Project object */;
}
